
Microsoft Visual Studio Solution File, Format Version 12.00
# Visual Studio 2013
VisualStudioVersion = 12.0.21005.1
MinimumVisualStudioVersion = 10.0.40219.1
Project("{FAE04EC0-301F-11D3-BF4B-00C04F79EFBC}") = "01.PrintMatrix", "01.PrintMatrix\01.PrintMatrix.csproj", "{5FFE1E12-8D43-43EA-A5ED-BA1625B276B9}"
EndProject
Project("{FAE04EC0-301F-11D3-BF4B-00C04F79EFBC}") = "02.RectMatrix", "02.RectMatrix\02.RectMatrix.csproj", "{F939FF9F-BC7D-44E7-99C2-6EDCD35EEB4B}"
EndProject
Project("{FAE04EC0-301F-11D3-BF4B-00C04F79EFBC}") = "03.SeqInMatrix", "03.SeqInMatrix\03.SeqInMatrix.csproj", "{103F804B-5680-4BAC-9ADC-474313E29CC8}"
EndProject
Project("{FAE04EC0-301F-11D3-BF4B-00C04F79EFBC}") = "04.BinarySearch", "04.BinarySearch\04.BinarySearch.csproj", "{25DC0986-ED19-4B71-ADE5-E7CA07E4BB5E}"
EndProject
Project("{FAE04EC0-301F-11D3-BF4B-00C04F79EFBC}") = "05.StringSort", "05.StringSort\05.StringSort.csproj", "{0486B48B-D1FB-45E5-935E-E4B4B7E9876A}"
EndProject
Global
	GlobalSection(SolutionConfigurationPlatforms) = preSolution
		Debug|Any CPU = Debug|Any CPU
		Release|Any CPU = Release|Any CPU
	EndGlobalSection
	GlobalSection(ProjectConfigurationPlatforms) = postSolution
		{5FFE1E12-8D43-43EA-A5ED-BA1625B276B9}.Debug|Any CPU.ActiveCfg = Debug|Any CPU
		{5FFE1E12-8D43-43EA-A5ED-BA1625B276B9}.Debug|Any CPU.Build.0 = Debug|Any CPU
		{5FFE1E12-8D43-43EA-A5ED-BA1625B276B9}.Release|Any CPU.ActiveCfg = Release|Any CPU
		{5FFE1E12-8D43-43EA-A5ED-BA1625B276B9}.Release|Any CPU.Build.0 = Release|Any CPU
		{F939FF9F-BC7D-44E7-99C2-6EDCD35EEB4B}.Debug|Any CPU.ActiveCfg = Debug|Any CPU
		{F939FF9F-BC7D-44E7-99C2-6EDCD35EEB4B}.Debug|Any CPU.Build.0 = Debug|Any CPU
		{F939FF9F-BC7D-44E7-99C2-6EDCD35EEB4B}.Release|Any CPU.ActiveCfg = Release|Any CPU
		{F939FF9F-BC7D-44E7-99C2-6EDCD35EEB4B}.Release|Any CPU.Build.0 = Release|Any CPU
		{103F804B-5680-4BAC-9ADC-474313E29CC8}.Debug|Any CPU.ActiveCfg = Debug|Any CPU
		{103F804B-5680-4BAC-9ADC-474313E29CC8}.Debug|Any CPU.Build.0 = Debug|Any CPU
		{103F804B-5680-4BAC-9ADC-474313E29CC8}.Release|Any CPU.ActiveCfg = Release|Any CPU
		{103F804B-5680-4BAC-9ADC-474313E29CC8}.Release|Any CPU.Build.0 = Release|Any CPU
		{25DC0986-ED19-4B71-ADE5-E7CA07E4BB5E}.Debug|Any CPU.ActiveCfg = Debug|Any CPU
		{25DC0986-ED19-4B71-ADE5-E7CA07E4BB5E}.Debug|Any CPU.Build.0 = Debug|Any CPU
		{25DC0986-ED19-4B71-ADE5-E7CA07E4BB5E}.Release|Any CPU.ActiveCfg = Release|Any CPU
		{25DC0986-ED19-4B71-ADE5-E7CA07E4BB5E}.Release|Any CPU.Build.0 = Release|Any CPU
		{0486B48B-D1FB-45E5-935E-E4B4B7E9876A}.Debug|Any CPU.ActiveCfg = Debug|Any CPU
		{0486B48B-D1FB-45E5-935E-E4B4B7E9876A}.Debug|Any CPU.Build.0 = Debug|Any CPU
		{0486B48B-D1FB-45E5-935E-E4B4B7E9876A}.Release|Any CPU.ActiveCfg = Release|Any CPU
		{0486B48B-D1FB-45E5-935E-E4B4B7E9876A}.Release|Any CPU.Build.0 = Release|Any CPU
	EndGlobalSection
	GlobalSection(SolutionProperties) = preSolution
		HideSolutionNode = FALSE
	EndGlobalSection
EndGlobal
