
Microsoft Visual Studio Solution File, Format Version 12.00
# Visual Studio 2013
VisualStudioVersion = 12.0.20827.3
MinimumVisualStudioVersion = 10.0.40219.1
Project("{FAE04EC0-301F-11D3-BF4B-00C04F79EFBC}") = "01.OddOrEven", "01.OddOrEven\01.OddOrEven.csproj", "{926881DF-798B-46AA-8197-16F5124FE068}"
EndProject
Project("{FAE04EC0-301F-11D3-BF4B-00C04F79EFBC}") = "02.DevideIntegers", "02.DevideIntegers\02.DevideIntegers.csproj", "{FE57117D-8D59-4B52-B620-4D95EF235084}"
EndProject
Project("{FAE04EC0-301F-11D3-BF4B-00C04F79EFBC}") = "03.RectangleAreaCalc", "03.RectangleAreaCalc\03.RectangleAreaCalc.csproj", "{E24F492E-F3C6-4B70-9250-A548DDEA0E0A}"
EndProject
Project("{FAE04EC0-301F-11D3-BF4B-00C04F79EFBC}") = "04.CheckThirdDigit", "04.CheckThirdDigit\04.CheckThirdDigit.csproj", "{A4458111-E78F-43D4-9289-3D858D7010F2}"
EndProject
Project("{FAE04EC0-301F-11D3-BF4B-00C04F79EFBC}") = "05.ChechBitPossition", "05.ChechBitPossition\05.ChechBitPossition.csproj", "{6CAFE216-1BF2-48C3-A183-E865CEEFC295}"
EndProject
Project("{FAE04EC0-301F-11D3-BF4B-00C04F79EFBC}") = "06.CoordsInCircle", "06.CoordsInCircle\06.CoordsInCircle.csproj", "{E4E54F47-1682-4D97-BA5C-D0BC7628A7E0}"
EndProject
Project("{FAE04EC0-301F-11D3-BF4B-00C04F79EFBC}") = "07.PrimeNumber", "07.PrimeNumber\07.PrimeNumber.csproj", "{6C9764BE-45DD-452E-A920-9463522F04AD}"
EndProject
Project("{FAE04EC0-301F-11D3-BF4B-00C04F79EFBC}") = "08.TrapezoidArea", "08.TrapezoidArea\08.TrapezoidArea.csproj", "{3C16A12A-7D3A-4608-908E-037183AE6869}"
EndProject
Project("{FAE04EC0-301F-11D3-BF4B-00C04F79EFBC}") = "09.CoordinatesCheck", "09.CoordinatesCheck\09.CoordinatesCheck.csproj", "{9084C6C3-2114-428D-A30D-528BDD9FE793}"
EndProject
Project("{FAE04EC0-301F-11D3-BF4B-00C04F79EFBC}") = "10.BitPossition", "10.BitPossition\10.BitPossition.csproj", "{A413A658-73E5-4B0B-8351-FF73746C3B76}"
EndProject
Project("{FAE04EC0-301F-11D3-BF4B-00C04F79EFBC}") = "11.ExtractBits", "11.ExtractBits\11.ExtractBits.csproj", "{64FE4BEF-1F18-4875-B3A6-A72CC64D64C2}"
EndProject
Project("{FAE04EC0-301F-11D3-BF4B-00C04F79EFBC}") = "12.ModifyBits", "12.ModifyBits\12.ModifyBits.csproj", "{C828D27E-4AB2-4E91-85DE-06B387D2894B}"
EndProject
Project("{FAE04EC0-301F-11D3-BF4B-00C04F79EFBC}") = "13.SwapBits", "13.SwapBits\13.SwapBits.csproj", "{4DBA0B4B-19FF-4373-BE6A-BB5DE8D7F84A}"
EndProject
Global
	GlobalSection(SolutionConfigurationPlatforms) = preSolution
		Debug|Any CPU = Debug|Any CPU
		Release|Any CPU = Release|Any CPU
	EndGlobalSection
	GlobalSection(ProjectConfigurationPlatforms) = postSolution
		{926881DF-798B-46AA-8197-16F5124FE068}.Debug|Any CPU.ActiveCfg = Debug|Any CPU
		{926881DF-798B-46AA-8197-16F5124FE068}.Debug|Any CPU.Build.0 = Debug|Any CPU
		{926881DF-798B-46AA-8197-16F5124FE068}.Release|Any CPU.ActiveCfg = Release|Any CPU
		{926881DF-798B-46AA-8197-16F5124FE068}.Release|Any CPU.Build.0 = Release|Any CPU
		{FE57117D-8D59-4B52-B620-4D95EF235084}.Debug|Any CPU.ActiveCfg = Debug|Any CPU
		{FE57117D-8D59-4B52-B620-4D95EF235084}.Debug|Any CPU.Build.0 = Debug|Any CPU
		{FE57117D-8D59-4B52-B620-4D95EF235084}.Release|Any CPU.ActiveCfg = Release|Any CPU
		{FE57117D-8D59-4B52-B620-4D95EF235084}.Release|Any CPU.Build.0 = Release|Any CPU
		{E24F492E-F3C6-4B70-9250-A548DDEA0E0A}.Debug|Any CPU.ActiveCfg = Debug|Any CPU
		{E24F492E-F3C6-4B70-9250-A548DDEA0E0A}.Debug|Any CPU.Build.0 = Debug|Any CPU
		{E24F492E-F3C6-4B70-9250-A548DDEA0E0A}.Release|Any CPU.ActiveCfg = Release|Any CPU
		{E24F492E-F3C6-4B70-9250-A548DDEA0E0A}.Release|Any CPU.Build.0 = Release|Any CPU
		{A4458111-E78F-43D4-9289-3D858D7010F2}.Debug|Any CPU.ActiveCfg = Debug|Any CPU
		{A4458111-E78F-43D4-9289-3D858D7010F2}.Debug|Any CPU.Build.0 = Debug|Any CPU
		{A4458111-E78F-43D4-9289-3D858D7010F2}.Release|Any CPU.ActiveCfg = Release|Any CPU
		{A4458111-E78F-43D4-9289-3D858D7010F2}.Release|Any CPU.Build.0 = Release|Any CPU
		{6CAFE216-1BF2-48C3-A183-E865CEEFC295}.Debug|Any CPU.ActiveCfg = Debug|Any CPU
		{6CAFE216-1BF2-48C3-A183-E865CEEFC295}.Debug|Any CPU.Build.0 = Debug|Any CPU
		{6CAFE216-1BF2-48C3-A183-E865CEEFC295}.Release|Any CPU.ActiveCfg = Release|Any CPU
		{6CAFE216-1BF2-48C3-A183-E865CEEFC295}.Release|Any CPU.Build.0 = Release|Any CPU
		{E4E54F47-1682-4D97-BA5C-D0BC7628A7E0}.Debug|Any CPU.ActiveCfg = Debug|Any CPU
		{E4E54F47-1682-4D97-BA5C-D0BC7628A7E0}.Debug|Any CPU.Build.0 = Debug|Any CPU
		{E4E54F47-1682-4D97-BA5C-D0BC7628A7E0}.Release|Any CPU.ActiveCfg = Release|Any CPU
		{E4E54F47-1682-4D97-BA5C-D0BC7628A7E0}.Release|Any CPU.Build.0 = Release|Any CPU
		{6C9764BE-45DD-452E-A920-9463522F04AD}.Debug|Any CPU.ActiveCfg = Debug|Any CPU
		{6C9764BE-45DD-452E-A920-9463522F04AD}.Debug|Any CPU.Build.0 = Debug|Any CPU
		{6C9764BE-45DD-452E-A920-9463522F04AD}.Release|Any CPU.ActiveCfg = Release|Any CPU
		{6C9764BE-45DD-452E-A920-9463522F04AD}.Release|Any CPU.Build.0 = Release|Any CPU
		{3C16A12A-7D3A-4608-908E-037183AE6869}.Debug|Any CPU.ActiveCfg = Debug|Any CPU
		{3C16A12A-7D3A-4608-908E-037183AE6869}.Debug|Any CPU.Build.0 = Debug|Any CPU
		{3C16A12A-7D3A-4608-908E-037183AE6869}.Release|Any CPU.ActiveCfg = Release|Any CPU
		{3C16A12A-7D3A-4608-908E-037183AE6869}.Release|Any CPU.Build.0 = Release|Any CPU
		{9084C6C3-2114-428D-A30D-528BDD9FE793}.Debug|Any CPU.ActiveCfg = Debug|Any CPU
		{9084C6C3-2114-428D-A30D-528BDD9FE793}.Debug|Any CPU.Build.0 = Debug|Any CPU
		{9084C6C3-2114-428D-A30D-528BDD9FE793}.Release|Any CPU.ActiveCfg = Release|Any CPU
		{9084C6C3-2114-428D-A30D-528BDD9FE793}.Release|Any CPU.Build.0 = Release|Any CPU
		{A413A658-73E5-4B0B-8351-FF73746C3B76}.Debug|Any CPU.ActiveCfg = Debug|Any CPU
		{A413A658-73E5-4B0B-8351-FF73746C3B76}.Debug|Any CPU.Build.0 = Debug|Any CPU
		{A413A658-73E5-4B0B-8351-FF73746C3B76}.Release|Any CPU.ActiveCfg = Release|Any CPU
		{A413A658-73E5-4B0B-8351-FF73746C3B76}.Release|Any CPU.Build.0 = Release|Any CPU
		{64FE4BEF-1F18-4875-B3A6-A72CC64D64C2}.Debug|Any CPU.ActiveCfg = Debug|Any CPU
		{64FE4BEF-1F18-4875-B3A6-A72CC64D64C2}.Debug|Any CPU.Build.0 = Debug|Any CPU
		{64FE4BEF-1F18-4875-B3A6-A72CC64D64C2}.Release|Any CPU.ActiveCfg = Release|Any CPU
		{64FE4BEF-1F18-4875-B3A6-A72CC64D64C2}.Release|Any CPU.Build.0 = Release|Any CPU
		{C828D27E-4AB2-4E91-85DE-06B387D2894B}.Debug|Any CPU.ActiveCfg = Debug|Any CPU
		{C828D27E-4AB2-4E91-85DE-06B387D2894B}.Debug|Any CPU.Build.0 = Debug|Any CPU
		{C828D27E-4AB2-4E91-85DE-06B387D2894B}.Release|Any CPU.ActiveCfg = Release|Any CPU
		{C828D27E-4AB2-4E91-85DE-06B387D2894B}.Release|Any CPU.Build.0 = Release|Any CPU
		{4DBA0B4B-19FF-4373-BE6A-BB5DE8D7F84A}.Debug|Any CPU.ActiveCfg = Debug|Any CPU
		{4DBA0B4B-19FF-4373-BE6A-BB5DE8D7F84A}.Debug|Any CPU.Build.0 = Debug|Any CPU
		{4DBA0B4B-19FF-4373-BE6A-BB5DE8D7F84A}.Release|Any CPU.ActiveCfg = Release|Any CPU
		{4DBA0B4B-19FF-4373-BE6A-BB5DE8D7F84A}.Release|Any CPU.Build.0 = Release|Any CPU
	EndGlobalSection
	GlobalSection(SolutionProperties) = preSolution
		HideSolutionNode = FALSE
	EndGlobalSection
EndGlobal
