
Microsoft Visual Studio Solution File, Format Version 12.00
# Visual Studio 2013
VisualStudioVersion = 12.0.21005.1
MinimumVisualStudioVersion = 10.0.40219.1
Project("{FAE04EC0-301F-11D3-BF4B-00C04F79EFBC}") = "01.PrintMultipliedArray", "01.PrintMultipliedArray\01.PrintMultipliedArray.csproj", "{7593D495-D2BD-42D1-9574-AD2797463CB3}"
EndProject
Project("{FAE04EC0-301F-11D3-BF4B-00C04F79EFBC}") = "02.CompareArrays", "02.CompareArrays\02.CompareArrays.csproj", "{90B6CDE0-3F36-4C4D-A879-E4CFB670DA53}"
EndProject
Project("{FAE04EC0-301F-11D3-BF4B-00C04F79EFBC}") = "03.CompareCharArrays", "03.CompareCharArrays\03.CompareCharArrays.csproj", "{C1A364F6-03E9-42D7-9F08-26930609C60A}"
EndProject
Project("{FAE04EC0-301F-11D3-BF4B-00C04F79EFBC}") = "04.MaxSeqOfEqualElements", "04.MaxSeqOfEqualElements\04.MaxSeqOfEqualElements.csproj", "{3C2BA654-B82C-493D-8FBF-F8D78E1089B7}"
EndProject
Project("{FAE04EC0-301F-11D3-BF4B-00C04F79EFBC}") = "05.MaxSeqOfIncElements", "05.MaxSeqOfIncElements\05.MaxSeqOfIncElements.csproj", "{FC131A7C-1E50-43DD-BE6D-5811F7E78BD3}"
EndProject
Project("{FAE04EC0-301F-11D3-BF4B-00C04F79EFBC}") = "06.FindInArray", "06.FindInArray\06.FindInArray.csproj", "{B314ED87-B8F0-4719-9AAD-81AB09E3A8E4}"
EndProject
Project("{FAE04EC0-301F-11D3-BF4B-00C04F79EFBC}") = "07.SelectionSort", "07.SelectionSort\07.SelectionSort.csproj", "{2B5C04D6-F9B1-4AEF-A0C3-85FF5ECFFD5F}"
EndProject
Project("{FAE04EC0-301F-11D3-BF4B-00C04F79EFBC}") = "08.SeqOfMaxSum", "08.SeqOfMaxSum\08.SeqOfMaxSum.csproj", "{5FF5D403-4A02-4732-92C3-DA9E216A3742}"
EndProject
Project("{FAE04EC0-301F-11D3-BF4B-00C04F79EFBC}") = "09.FrequentNumber", "09.FrequentNumber\09.FrequentNumber.csproj", "{DCE87708-6A5E-4913-91C2-F72B91F6967E}"
EndProject
Project("{FAE04EC0-301F-11D3-BF4B-00C04F79EFBC}") = "10.SeqOfGivenSum", "10.SeqOfGivenSum\10.SeqOfGivenSum.csproj", "{9C0EDA91-264C-4CD2-BF2F-CA5C9DC282D1}"
EndProject
Project("{FAE04EC0-301F-11D3-BF4B-00C04F79EFBC}") = "11.BinarySearch", "11.BinarySearch\11.BinarySearch.csproj", "{D66C9B63-E055-419E-8083-AF5365292D8E}"
EndProject
Project("{FAE04EC0-301F-11D3-BF4B-00C04F79EFBC}") = "12.IndexOfEachLetter", "12.IndexOfEachLetter\12.IndexOfEachLetter.csproj", "{5200A648-4B3B-4EA7-8ACF-7DEE13E1755E}"
EndProject
Project("{FAE04EC0-301F-11D3-BF4B-00C04F79EFBC}") = "13.MergeSort", "13.MergeSort\13.MergeSort.csproj", "{52E006EA-1F49-4BE8-9D7C-87A2CBDA5A6D}"
EndProject
Project("{FAE04EC0-301F-11D3-BF4B-00C04F79EFBC}") = "14.QuickSorting", "14.QuickSorting\14.QuickSorting.csproj", "{5566B4CC-675B-4144-BFCC-9F6C432B2445}"
EndProject
Project("{FAE04EC0-301F-11D3-BF4B-00C04F79EFBC}") = "15.EratosthenesAlgorithm", "15.EratosthenesAlgorithm\15.EratosthenesAlgorithm.csproj", "{AAB578CD-09A3-435F-8397-7548BFFCBA7C}"
EndProject
Project("{FAE04EC0-301F-11D3-BF4B-00C04F79EFBC}") = "20.VariationsOfElements", "20.VariationsOfElements\20.VariationsOfElements.csproj", "{3DE11F0F-5A85-4D45-BA06-223C148DAC47}"
EndProject
Project("{FAE04EC0-301F-11D3-BF4B-00C04F79EFBC}") = "21.DistVariations", "21.DistVariations\21.DistVariations.csproj", "{2F72CCE8-7D9F-491A-BD26-5C9F8F4974DC}"
EndProject
Global
	GlobalSection(SolutionConfigurationPlatforms) = preSolution
		Debug|Any CPU = Debug|Any CPU
		Release|Any CPU = Release|Any CPU
	EndGlobalSection
	GlobalSection(ProjectConfigurationPlatforms) = postSolution
		{7593D495-D2BD-42D1-9574-AD2797463CB3}.Debug|Any CPU.ActiveCfg = Debug|Any CPU
		{7593D495-D2BD-42D1-9574-AD2797463CB3}.Debug|Any CPU.Build.0 = Debug|Any CPU
		{7593D495-D2BD-42D1-9574-AD2797463CB3}.Release|Any CPU.ActiveCfg = Release|Any CPU
		{7593D495-D2BD-42D1-9574-AD2797463CB3}.Release|Any CPU.Build.0 = Release|Any CPU
		{90B6CDE0-3F36-4C4D-A879-E4CFB670DA53}.Debug|Any CPU.ActiveCfg = Debug|Any CPU
		{90B6CDE0-3F36-4C4D-A879-E4CFB670DA53}.Debug|Any CPU.Build.0 = Debug|Any CPU
		{90B6CDE0-3F36-4C4D-A879-E4CFB670DA53}.Release|Any CPU.ActiveCfg = Release|Any CPU
		{90B6CDE0-3F36-4C4D-A879-E4CFB670DA53}.Release|Any CPU.Build.0 = Release|Any CPU
		{C1A364F6-03E9-42D7-9F08-26930609C60A}.Debug|Any CPU.ActiveCfg = Debug|Any CPU
		{C1A364F6-03E9-42D7-9F08-26930609C60A}.Debug|Any CPU.Build.0 = Debug|Any CPU
		{C1A364F6-03E9-42D7-9F08-26930609C60A}.Release|Any CPU.ActiveCfg = Release|Any CPU
		{C1A364F6-03E9-42D7-9F08-26930609C60A}.Release|Any CPU.Build.0 = Release|Any CPU
		{3C2BA654-B82C-493D-8FBF-F8D78E1089B7}.Debug|Any CPU.ActiveCfg = Debug|Any CPU
		{3C2BA654-B82C-493D-8FBF-F8D78E1089B7}.Debug|Any CPU.Build.0 = Debug|Any CPU
		{3C2BA654-B82C-493D-8FBF-F8D78E1089B7}.Release|Any CPU.ActiveCfg = Release|Any CPU
		{3C2BA654-B82C-493D-8FBF-F8D78E1089B7}.Release|Any CPU.Build.0 = Release|Any CPU
		{FC131A7C-1E50-43DD-BE6D-5811F7E78BD3}.Debug|Any CPU.ActiveCfg = Debug|Any CPU
		{FC131A7C-1E50-43DD-BE6D-5811F7E78BD3}.Debug|Any CPU.Build.0 = Debug|Any CPU
		{FC131A7C-1E50-43DD-BE6D-5811F7E78BD3}.Release|Any CPU.ActiveCfg = Release|Any CPU
		{FC131A7C-1E50-43DD-BE6D-5811F7E78BD3}.Release|Any CPU.Build.0 = Release|Any CPU
		{B314ED87-B8F0-4719-9AAD-81AB09E3A8E4}.Debug|Any CPU.ActiveCfg = Debug|Any CPU
		{B314ED87-B8F0-4719-9AAD-81AB09E3A8E4}.Debug|Any CPU.Build.0 = Debug|Any CPU
		{B314ED87-B8F0-4719-9AAD-81AB09E3A8E4}.Release|Any CPU.ActiveCfg = Release|Any CPU
		{B314ED87-B8F0-4719-9AAD-81AB09E3A8E4}.Release|Any CPU.Build.0 = Release|Any CPU
		{2B5C04D6-F9B1-4AEF-A0C3-85FF5ECFFD5F}.Debug|Any CPU.ActiveCfg = Debug|Any CPU
		{2B5C04D6-F9B1-4AEF-A0C3-85FF5ECFFD5F}.Debug|Any CPU.Build.0 = Debug|Any CPU
		{2B5C04D6-F9B1-4AEF-A0C3-85FF5ECFFD5F}.Release|Any CPU.ActiveCfg = Release|Any CPU
		{2B5C04D6-F9B1-4AEF-A0C3-85FF5ECFFD5F}.Release|Any CPU.Build.0 = Release|Any CPU
		{5FF5D403-4A02-4732-92C3-DA9E216A3742}.Debug|Any CPU.ActiveCfg = Debug|Any CPU
		{5FF5D403-4A02-4732-92C3-DA9E216A3742}.Debug|Any CPU.Build.0 = Debug|Any CPU
		{5FF5D403-4A02-4732-92C3-DA9E216A3742}.Release|Any CPU.ActiveCfg = Release|Any CPU
		{5FF5D403-4A02-4732-92C3-DA9E216A3742}.Release|Any CPU.Build.0 = Release|Any CPU
		{DCE87708-6A5E-4913-91C2-F72B91F6967E}.Debug|Any CPU.ActiveCfg = Debug|Any CPU
		{DCE87708-6A5E-4913-91C2-F72B91F6967E}.Debug|Any CPU.Build.0 = Debug|Any CPU
		{DCE87708-6A5E-4913-91C2-F72B91F6967E}.Release|Any CPU.ActiveCfg = Release|Any CPU
		{DCE87708-6A5E-4913-91C2-F72B91F6967E}.Release|Any CPU.Build.0 = Release|Any CPU
		{9C0EDA91-264C-4CD2-BF2F-CA5C9DC282D1}.Debug|Any CPU.ActiveCfg = Debug|Any CPU
		{9C0EDA91-264C-4CD2-BF2F-CA5C9DC282D1}.Debug|Any CPU.Build.0 = Debug|Any CPU
		{9C0EDA91-264C-4CD2-BF2F-CA5C9DC282D1}.Release|Any CPU.ActiveCfg = Release|Any CPU
		{9C0EDA91-264C-4CD2-BF2F-CA5C9DC282D1}.Release|Any CPU.Build.0 = Release|Any CPU
		{D66C9B63-E055-419E-8083-AF5365292D8E}.Debug|Any CPU.ActiveCfg = Debug|Any CPU
		{D66C9B63-E055-419E-8083-AF5365292D8E}.Debug|Any CPU.Build.0 = Debug|Any CPU
		{D66C9B63-E055-419E-8083-AF5365292D8E}.Release|Any CPU.ActiveCfg = Release|Any CPU
		{D66C9B63-E055-419E-8083-AF5365292D8E}.Release|Any CPU.Build.0 = Release|Any CPU
		{5200A648-4B3B-4EA7-8ACF-7DEE13E1755E}.Debug|Any CPU.ActiveCfg = Debug|Any CPU
		{5200A648-4B3B-4EA7-8ACF-7DEE13E1755E}.Debug|Any CPU.Build.0 = Debug|Any CPU
		{5200A648-4B3B-4EA7-8ACF-7DEE13E1755E}.Release|Any CPU.ActiveCfg = Release|Any CPU
		{5200A648-4B3B-4EA7-8ACF-7DEE13E1755E}.Release|Any CPU.Build.0 = Release|Any CPU
		{52E006EA-1F49-4BE8-9D7C-87A2CBDA5A6D}.Debug|Any CPU.ActiveCfg = Debug|Any CPU
		{52E006EA-1F49-4BE8-9D7C-87A2CBDA5A6D}.Debug|Any CPU.Build.0 = Debug|Any CPU
		{52E006EA-1F49-4BE8-9D7C-87A2CBDA5A6D}.Release|Any CPU.ActiveCfg = Release|Any CPU
		{52E006EA-1F49-4BE8-9D7C-87A2CBDA5A6D}.Release|Any CPU.Build.0 = Release|Any CPU
		{5566B4CC-675B-4144-BFCC-9F6C432B2445}.Debug|Any CPU.ActiveCfg = Debug|Any CPU
		{5566B4CC-675B-4144-BFCC-9F6C432B2445}.Debug|Any CPU.Build.0 = Debug|Any CPU
		{5566B4CC-675B-4144-BFCC-9F6C432B2445}.Release|Any CPU.ActiveCfg = Release|Any CPU
		{5566B4CC-675B-4144-BFCC-9F6C432B2445}.Release|Any CPU.Build.0 = Release|Any CPU
		{AAB578CD-09A3-435F-8397-7548BFFCBA7C}.Debug|Any CPU.ActiveCfg = Debug|Any CPU
		{AAB578CD-09A3-435F-8397-7548BFFCBA7C}.Debug|Any CPU.Build.0 = Debug|Any CPU
		{AAB578CD-09A3-435F-8397-7548BFFCBA7C}.Release|Any CPU.ActiveCfg = Release|Any CPU
		{AAB578CD-09A3-435F-8397-7548BFFCBA7C}.Release|Any CPU.Build.0 = Release|Any CPU
		{3DE11F0F-5A85-4D45-BA06-223C148DAC47}.Debug|Any CPU.ActiveCfg = Debug|Any CPU
		{3DE11F0F-5A85-4D45-BA06-223C148DAC47}.Debug|Any CPU.Build.0 = Debug|Any CPU
		{3DE11F0F-5A85-4D45-BA06-223C148DAC47}.Release|Any CPU.ActiveCfg = Release|Any CPU
		{3DE11F0F-5A85-4D45-BA06-223C148DAC47}.Release|Any CPU.Build.0 = Release|Any CPU
		{2F72CCE8-7D9F-491A-BD26-5C9F8F4974DC}.Debug|Any CPU.ActiveCfg = Debug|Any CPU
		{2F72CCE8-7D9F-491A-BD26-5C9F8F4974DC}.Debug|Any CPU.Build.0 = Debug|Any CPU
		{2F72CCE8-7D9F-491A-BD26-5C9F8F4974DC}.Release|Any CPU.ActiveCfg = Release|Any CPU
		{2F72CCE8-7D9F-491A-BD26-5C9F8F4974DC}.Release|Any CPU.Build.0 = Release|Any CPU
	EndGlobalSection
	GlobalSection(SolutionProperties) = preSolution
		HideSolutionNode = FALSE
	EndGlobalSection
EndGlobal
